// !$*UTF8*$!
{
	archiveVersion = 1;
	classes = {};
	objectVersion = 60;
	objects = {

/* Begin PBXBuildFile section */
		B00100000000000000000001 /* Sub2APIApp.swift in Sources */ = {isa = PBXBuildFile; fileRef = F00100000000000000000001 /* Sub2APIApp.swift */; };
		B00100000000000000000002 /* Models.swift in Sources */ = {isa = PBXBuildFile; fileRef = F00100000000000000000002 /* Models.swift */; };
		B00100000000000000000003 /* APIClient.swift in Sources */ = {isa = PBXBuildFile; fileRef = F00100000000000000000003 /* APIClient.swift */; };
		B00100000000000000000004 /* KeychainStore.swift in Sources */ = {isa = PBXBuildFile; fileRef = F00100000000000000000004 /* KeychainStore.swift */; };
		B00100000000000000000005 /* AppStore.swift in Sources */ = {isa = PBXBuildFile; fileRef = F00100000000000000000005 /* AppStore.swift */; };
		B00100000000000000000006 /* GlassUI.swift in Sources */ = {isa = PBXBuildFile; fileRef = F00100000000000000000006 /* GlassUI.swift */; };
		B00100000000000000000007 /* RootView.swift in Sources */ = {isa = PBXBuildFile; fileRef = F00100000000000000000007 /* RootView.swift */; };
		B00100000000000000000008 /* LoginView.swift in Sources */ = {isa = PBXBuildFile; fileRef = F00100000000000000000008 /* LoginView.swift */; };
		B00100000000000000000009 /* DashboardView.swift in Sources */ = {isa = PBXBuildFile; fileRef = F00100000000000000000009 /* DashboardView.swift */; };
		B0010000000000000000000A /* UsersView.swift in Sources */ = {isa = PBXBuildFile; fileRef = F0010000000000000000000A /* UsersView.swift */; };
		B0010000000000000000000B /* ManagementView.swift in Sources */ = {isa = PBXBuildFile; fileRef = F0010000000000000000000B /* ManagementView.swift */; };
		B0010000000000000000000C /* ServersView.swift in Sources */ = {isa = PBXBuildFile; fileRef = F0010000000000000000000C /* ServersView.swift */; };
		B0010000000000000000000D /* Assets.xcassets in Resources */ = {isa = PBXBuildFile; fileRef = F0010000000000000000000D /* Assets.xcassets */; };
		B0010000000000000000000E /* PrivacyInfo.xcprivacy in Resources */ = {isa = PBXBuildFile; fileRef = F00100000000000000000010 /* PrivacyInfo.xcprivacy */; };
		B0010000000000000000000F /* AdminModels.swift in Sources */ = {isa = PBXBuildFile; fileRef = F00100000000000000000011 /* AdminModels.swift */; };
		B00100000000000000000010 /* AdminService.swift in Sources */ = {isa = PBXBuildFile; fileRef = F00100000000000000000012 /* AdminService.swift */; };
		B00100000000000000000011 /* FeatureSupport.swift in Sources */ = {isa = PBXBuildFile; fileRef = F00100000000000000000013 /* FeatureSupport.swift */; };
		B00100000000000000000012 /* AccountsViews.swift in Sources */ = {isa = PBXBuildFile; fileRef = F00100000000000000000014 /* AccountsViews.swift */; };
		B00100000000000000000013 /* APIKeysViews.swift in Sources */ = {isa = PBXBuildFile; fileRef = F00100000000000000000015 /* APIKeysViews.swift */; };
		B00100000000000000000014 /* GroupsViews.swift in Sources */ = {isa = PBXBuildFile; fileRef = F00100000000000000000016 /* GroupsViews.swift */; };
		B00100000000000000000015 /* UsageViews.swift in Sources */ = {isa = PBXBuildFile; fileRef = F00100000000000000000017 /* UsageViews.swift */; };
		B00100000000000000000016 /* OpsViews.swift in Sources */ = {isa = PBXBuildFile; fileRef = F00100000000000000000018 /* OpsViews.swift */; };
/* End PBXBuildFile section */

/* Begin PBXFileReference section */
		F00100000000000000000001 /* Sub2APIApp.swift */ = {isa = PBXFileReference; lastKnownFileType = sourcecode.swift; path = Sub2APIApp.swift; sourceTree = "<group>"; };
		F00100000000000000000002 /* Models.swift */ = {isa = PBXFileReference; lastKnownFileType = sourcecode.swift; path = Models.swift; sourceTree = "<group>"; };
		F00100000000000000000003 /* APIClient.swift */ = {isa = PBXFileReference; lastKnownFileType = sourcecode.swift; path = APIClient.swift; sourceTree = "<group>"; };
		F00100000000000000000004 /* KeychainStore.swift */ = {isa = PBXFileReference; lastKnownFileType = sourcecode.swift; path = KeychainStore.swift; sourceTree = "<group>"; };
		F00100000000000000000005 /* AppStore.swift */ = {isa = PBXFileReference; lastKnownFileType = sourcecode.swift; path = AppStore.swift; sourceTree = "<group>"; };
		F00100000000000000000006 /* GlassUI.swift */ = {isa = PBXFileReference; lastKnownFileType = sourcecode.swift; path = GlassUI.swift; sourceTree = "<group>"; };
		F00100000000000000000007 /* RootView.swift */ = {isa = PBXFileReference; lastKnownFileType = sourcecode.swift; path = RootView.swift; sourceTree = "<group>"; };
		F00100000000000000000008 /* LoginView.swift */ = {isa = PBXFileReference; lastKnownFileType = sourcecode.swift; path = LoginView.swift; sourceTree = "<group>"; };
		F00100000000000000000009 /* DashboardView.swift */ = {isa = PBXFileReference; lastKnownFileType = sourcecode.swift; path = DashboardView.swift; sourceTree = "<group>"; };
		F0010000000000000000000A /* UsersView.swift */ = {isa = PBXFileReference; lastKnownFileType = sourcecode.swift; path = UsersView.swift; sourceTree = "<group>"; };
		F0010000000000000000000B /* ManagementView.swift */ = {isa = PBXFileReference; lastKnownFileType = sourcecode.swift; path = ManagementView.swift; sourceTree = "<group>"; };
		F0010000000000000000000C /* ServersView.swift */ = {isa = PBXFileReference; lastKnownFileType = sourcecode.swift; path = ServersView.swift; sourceTree = "<group>"; };
		F0010000000000000000000D /* Assets.xcassets */ = {isa = PBXFileReference; lastKnownFileType = folder.assetcatalog; path = Assets.xcassets; sourceTree = "<group>"; };
		F0010000000000000000000E /* Info.plist */ = {isa = PBXFileReference; lastKnownFileType = text.plist.xml; path = Info.plist; sourceTree = "<group>"; };
		F0010000000000000000000F /* Sub2API.app */ = {isa = PBXFileReference; explicitFileType = wrapper.application; includeInIndex = 0; path = Sub2API.app; sourceTree = BUILT_PRODUCTS_DIR; };
		F00100000000000000000010 /* PrivacyInfo.xcprivacy */ = {isa = PBXFileReference; lastKnownFileType = text.xml; path = PrivacyInfo.xcprivacy; sourceTree = "<group>"; };
		F00100000000000000000011 /* AdminModels.swift */ = {isa = PBXFileReference; lastKnownFileType = sourcecode.swift; path = AdminModels.swift; sourceTree = "<group>"; };
		F00100000000000000000012 /* AdminService.swift */ = {isa = PBXFileReference; lastKnownFileType = sourcecode.swift; path = AdminService.swift; sourceTree = "<group>"; };
		F00100000000000000000013 /* FeatureSupport.swift */ = {isa = PBXFileReference; lastKnownFileType = sourcecode.swift; path = FeatureSupport.swift; sourceTree = "<group>"; };
		F00100000000000000000014 /* AccountsViews.swift */ = {isa = PBXFileReference; lastKnownFileType = sourcecode.swift; path = AccountsViews.swift; sourceTree = "<group>"; };
		F00100000000000000000015 /* APIKeysViews.swift */ = {isa = PBXFileReference; lastKnownFileType = sourcecode.swift; path = APIKeysViews.swift; sourceTree = "<group>"; };
		F00100000000000000000016 /* GroupsViews.swift */ = {isa = PBXFileReference; lastKnownFileType = sourcecode.swift; path = GroupsViews.swift; sourceTree = "<group>"; };
		F00100000000000000000017 /* UsageViews.swift */ = {isa = PBXFileReference; lastKnownFileType = sourcecode.swift; path = UsageViews.swift; sourceTree = "<group>"; };
		F00100000000000000000018 /* OpsViews.swift */ = {isa = PBXFileReference; lastKnownFileType = sourcecode.swift; path = OpsViews.swift; sourceTree = "<group>"; };
/* End PBXFileReference section */

/* Begin PBXFrameworksBuildPhase section */
		P00100000000000000000001 /* Frameworks */ = {
			isa = PBXFrameworksBuildPhase;
			buildActionMask = 2147483647;
			files = ();
			runOnlyForDeploymentPostprocessing = 0;
		};
/* End PBXFrameworksBuildPhase section */

/* Begin PBXGroup section */
		G00100000000000000000001 = {
			isa = PBXGroup;
			children = (
				G00100000000000000000002 /* Sub2API */,
				G00100000000000000000006 /* Products */,
			);
			sourceTree = "<group>";
		};
		G00100000000000000000002 /* Sub2API */ = {
			isa = PBXGroup;
			children = (
				F00100000000000000000001 /* Sub2APIApp.swift */,
				G00100000000000000000003 /* Core */,
				G00100000000000000000004 /* UI */,
				G00100000000000000000005 /* Features */,
				F0010000000000000000000D /* Assets.xcassets */,
				F0010000000000000000000E /* Info.plist */,
				F00100000000000000000010 /* PrivacyInfo.xcprivacy */,
			);
			path = Sub2API;
			sourceTree = "<group>";
		};
		G00100000000000000000003 /* Core */ = {
			isa = PBXGroup;
			children = (
				F00100000000000000000002 /* Models.swift */,
				F00100000000000000000003 /* APIClient.swift */,
				F00100000000000000000004 /* KeychainStore.swift */,
				F00100000000000000000005 /* AppStore.swift */,
				F00100000000000000000011 /* AdminModels.swift */,
				F00100000000000000000012 /* AdminService.swift */,
			);
			path = Core;
			sourceTree = "<group>";
		};
		G00100000000000000000004 /* UI */ = {
			isa = PBXGroup;
			children = (
				F00100000000000000000006 /* GlassUI.swift */,
				F00100000000000000000007 /* RootView.swift */,
				F00100000000000000000013 /* FeatureSupport.swift */,
			);
			path = UI;
			sourceTree = "<group>";
		};
		G00100000000000000000005 /* Features */ = {
			isa = PBXGroup;
			children = (
				F00100000000000000000008 /* LoginView.swift */,
				F00100000000000000000009 /* DashboardView.swift */,
				F0010000000000000000000A /* UsersView.swift */,
				F0010000000000000000000B /* ManagementView.swift */,
				F0010000000000000000000C /* ServersView.swift */,
				F00100000000000000000014 /* AccountsViews.swift */,
				F00100000000000000000015 /* APIKeysViews.swift */,
				F00100000000000000000016 /* GroupsViews.swift */,
				F00100000000000000000017 /* UsageViews.swift */,
				F00100000000000000000018 /* OpsViews.swift */,
			);
			path = Features;
			sourceTree = "<group>";
		};
		G00100000000000000000006 /* Products */ = {
			isa = PBXGroup;
			children = (F0010000000000000000000F /* Sub2API.app */,);
			name = Products;
			sourceTree = "<group>";
		};
/* End PBXGroup section */

/* Begin PBXNativeTarget section */
		T00100000000000000000001 /* Sub2API */ = {
			isa = PBXNativeTarget;
			buildConfigurationList = C00100000000000000000002 /* Build configuration list for PBXNativeTarget "Sub2API" */;
			buildPhases = (
				P00100000000000000000002 /* Sources */,
				P00100000000000000000001 /* Frameworks */,
				P00100000000000000000003 /* Resources */,
			);
			buildRules = ();
			dependencies = ();
			name = Sub2API;
			productName = Sub2API;
			productReference = F0010000000000000000000F /* Sub2API.app */;
			productType = "com.apple.product-type.application";
		};
/* End PBXNativeTarget section */

/* Begin PBXProject section */
		PR0100000000000000000001 /* Project object */ = {
			isa = PBXProject;
			attributes = {
				BuildIndependentTargetsInParallel = 1;
				LastSwiftUpdateCheck = 2600;
				LastUpgradeCheck = 2600;
				TargetAttributes = { T00100000000000000000001 = { CreatedOnToolsVersion = 26.0; }; };
			};
			buildConfigurationList = C00100000000000000000001 /* Build configuration list for PBXProject "Sub2API" */;
			compatibilityVersion = "Xcode 15.0";
			developmentRegion = zh_CN;
			hasScannedForEncodings = 0;
			knownRegions = (Base, zh_CN, en);
			mainGroup = G00100000000000000000001;
			productRefGroup = G00100000000000000000006 /* Products */;
			projectDirPath = "";
			projectRoot = "";
			targets = (T00100000000000000000001 /* Sub2API */,);
		};
/* End PBXProject section */

/* Begin PBXResourcesBuildPhase section */
		P00100000000000000000003 /* Resources */ = {
			isa = PBXResourcesBuildPhase;
			buildActionMask = 2147483647;
			files = (
				B0010000000000000000000D /* Assets.xcassets in Resources */,
				B0010000000000000000000E /* PrivacyInfo.xcprivacy in Resources */,
			);
			runOnlyForDeploymentPostprocessing = 0;
		};
/* End PBXResourcesBuildPhase section */

/* Begin PBXSourcesBuildPhase section */
		P00100000000000000000002 /* Sources */ = {
			isa = PBXSourcesBuildPhase;
			buildActionMask = 2147483647;
			files = (
				B00100000000000000000001 /* Sub2APIApp.swift in Sources */,
				B00100000000000000000002 /* Models.swift in Sources */,
				B00100000000000000000003 /* APIClient.swift in Sources */,
				B00100000000000000000004 /* KeychainStore.swift in Sources */,
				B00100000000000000000005 /* AppStore.swift in Sources */,
				B00100000000000000000006 /* GlassUI.swift in Sources */,
				B00100000000000000000007 /* RootView.swift in Sources */,
				B00100000000000000000008 /* LoginView.swift in Sources */,
				B00100000000000000000009 /* DashboardView.swift in Sources */,
				B0010000000000000000000A /* UsersView.swift in Sources */,
				B0010000000000000000000B /* ManagementView.swift in Sources */,
				B0010000000000000000000C /* ServersView.swift in Sources */,
				B0010000000000000000000F /* AdminModels.swift in Sources */,
				B00100000000000000000010 /* AdminService.swift in Sources */,
				B00100000000000000000011 /* FeatureSupport.swift in Sources */,
				B00100000000000000000012 /* AccountsViews.swift in Sources */,
				B00100000000000000000013 /* APIKeysViews.swift in Sources */,
				B00100000000000000000014 /* GroupsViews.swift in Sources */,
				B00100000000000000000015 /* UsageViews.swift in Sources */,
				B00100000000000000000016 /* OpsViews.swift in Sources */,
			);
			runOnlyForDeploymentPostprocessing = 0;
		};
/* End PBXSourcesBuildPhase section */

/* Begin XCBuildConfiguration section */
		D00100000000000000000001 /* Debug */ = {isa = XCBuildConfiguration; buildSettings = {CLANG_ENABLE_MODULES = YES; IPHONEOS_DEPLOYMENT_TARGET = 17.0; SDKROOT = iphoneos; SWIFT_VERSION = 6.0;}; name = Debug;};
		D00100000000000000000002 /* Release */ = {isa = XCBuildConfiguration; buildSettings = {CLANG_ENABLE_MODULES = YES; IPHONEOS_DEPLOYMENT_TARGET = 17.0; SDKROOT = iphoneos; SWIFT_COMPILATION_MODE = wholemodule; SWIFT_VERSION = 6.0; VALIDATE_PRODUCT = YES;}; name = Release;};
		D00100000000000000000003 /* Debug */ = {isa = XCBuildConfiguration; buildSettings = {ASSETCATALOG_COMPILER_APPICON_NAME = AppIcon; ASSETCATALOG_COMPILER_GLOBAL_ACCENT_COLOR_NAME = AccentColor; CODE_SIGN_STYLE = Automatic; CURRENT_PROJECT_VERSION = 1; DEVELOPMENT_ASSET_PATHS = ""; GENERATE_INFOPLIST_FILE = NO; INFOPLIST_FILE = Sub2API/Info.plist; LD_RUNPATH_SEARCH_PATHS = "$(inherited) @executable_path/Frameworks"; MARKETING_VERSION = 1.0.0; PRODUCT_BUNDLE_IDENTIFIER = com.ppx.sub2apimobile; PRODUCT_NAME = "$(TARGET_NAME)"; SWIFT_EMIT_LOC_STRINGS = YES; TARGETED_DEVICE_FAMILY = "1,2";}; name = Debug;};
		D00100000000000000000004 /* Release */ = {isa = XCBuildConfiguration; buildSettings = {ASSETCATALOG_COMPILER_APPICON_NAME = AppIcon; ASSETCATALOG_COMPILER_GLOBAL_ACCENT_COLOR_NAME = AccentColor; CODE_SIGN_STYLE = Automatic; CURRENT_PROJECT_VERSION = 1; GENERATE_INFOPLIST_FILE = NO; INFOPLIST_FILE = Sub2API/Info.plist; LD_RUNPATH_SEARCH_PATHS = "$(inherited) @executable_path/Frameworks"; MARKETING_VERSION = 1.0.0; PRODUCT_BUNDLE_IDENTIFIER = com.ppx.sub2apimobile; PRODUCT_NAME = "$(TARGET_NAME)"; SWIFT_EMIT_LOC_STRINGS = YES; TARGETED_DEVICE_FAMILY = "1,2";}; name = Release;};
/* End XCBuildConfiguration section */

/* Begin XCConfigurationList section */
		C00100000000000000000001 /* Build configuration list for PBXProject "Sub2API" */ = {isa = XCConfigurationList; buildConfigurations = (D00100000000000000000001 /* Debug */, D00100000000000000000002 /* Release */,); defaultConfigurationIsVisible = 0; defaultConfigurationName = Release;};
		C00100000000000000000002 /* Build configuration list for PBXNativeTarget "Sub2API" */ = {isa = XCConfigurationList; buildConfigurations = (D00100000000000000000003 /* Debug */, D00100000000000000000004 /* Release */,); defaultConfigurationIsVisible = 0; defaultConfigurationName = Release;};
/* End XCConfigurationList section */
	};
	rootObject = PR0100000000000000000001 /* Project object */;
}
